
Microsoft Visual Studio Solution File, Format Version 12.00
# Visual Studio Version 17
VisualStudioVersion = 17.10.34916.146
MinimumVisualStudioVersion = 10.0.40219.1
Project("{FAE04EC0-301F-11D3-BF4B-00C04F79EFBC}") = "EntityTestApi", "EntityTestApi\EntityTestApi.csproj", "{ECA479E9-CFF4-489B-8BB9-700E36E50BE1}"
EndProject
Global
	GlobalSection(SolutionConfigurationPlatforms) = preSolution
		Debug|Any CPU = Debug|Any CPU
		Release|Any CPU = Release|Any CPU
	EndGlobalSection
	GlobalSection(ProjectConfigurationPlatforms) = postSolution
		{ECA479E9-CFF4-489B-8BB9-700E36E50BE1}.Debug|Any CPU.ActiveCfg = Debug|Any CPU
		{ECA479E9-CFF4-489B-8BB9-700E36E50BE1}.Debug|Any CPU.Build.0 = Debug|Any CPU
		{ECA479E9-CFF4-489B-8BB9-700E36E50BE1}.Release|Any CPU.ActiveCfg = Release|Any CPU
		{ECA479E9-CFF4-489B-8BB9-700E36E50BE1}.Release|Any CPU.Build.0 = Release|Any CPU
	EndGlobalSection
	GlobalSection(SolutionProperties) = preSolution
		HideSolutionNode = FALSE
	EndGlobalSection
	GlobalSection(ExtensibilityGlobals) = postSolution
		SolutionGuid = {4CAC3DAF-7FA1-4121-907E-05CF3B0ED363}
	EndGlobalSection
EndGlobal
